
Microsoft Visual Studio Solution File, Format Version 12.00
# Visual Studio Version 16
VisualStudioVersion = 16.0.30225.117
MinimumVisualStudioVersion = 10.0.40219.1
Project("{9A19103F-16F7-4668-BE54-9A1E7A4F7556}") = "ProductCatalog.API", "ProductCatalog.API\ProductCatalog.API.csproj", "{5CB2BC9A-5070-4141-AE18-DAC057F66238}"
EndProject
Project("{9A19103F-16F7-4668-BE54-9A1E7A4F7556}") = "ProductCatalog.Domain", "ProductCatalog.Domain\ProductCatalog.Domain.csproj", "{8F8B2E9D-C49B-4545-8234-B44D3CB5115E}"
EndProject
Project("{FAE04EC0-301F-11D3-BF4B-00C04F79EFBC}") = "ProductCatalog.Test", "ProductCatalog.Test\ProductCatalog.Test.csproj", "{4788E5B9-6A52-443A-990F-D313BBA531A6}"
EndProject
Global
	GlobalSection(SolutionConfigurationPlatforms) = preSolution
		Debug|Any CPU = Debug|Any CPU
		Release|Any CPU = Release|Any CPU
	EndGlobalSection
	GlobalSection(ProjectConfigurationPlatforms) = postSolution
		{5CB2BC9A-5070-4141-AE18-DAC057F66238}.Debug|Any CPU.ActiveCfg = Debug|Any CPU
		{5CB2BC9A-5070-4141-AE18-DAC057F66238}.Debug|Any CPU.Build.0 = Debug|Any CPU
		{5CB2BC9A-5070-4141-AE18-DAC057F66238}.Release|Any CPU.ActiveCfg = Release|Any CPU
		{5CB2BC9A-5070-4141-AE18-DAC057F66238}.Release|Any CPU.Build.0 = Release|Any CPU
		{8F8B2E9D-C49B-4545-8234-B44D3CB5115E}.Debug|Any CPU.ActiveCfg = Debug|Any CPU
		{8F8B2E9D-C49B-4545-8234-B44D3CB5115E}.Debug|Any CPU.Build.0 = Debug|Any CPU
		{8F8B2E9D-C49B-4545-8234-B44D3CB5115E}.Release|Any CPU.ActiveCfg = Release|Any CPU
		{8F8B2E9D-C49B-4545-8234-B44D3CB5115E}.Release|Any CPU.Build.0 = Release|Any CPU
		{4788E5B9-6A52-443A-990F-D313BBA531A6}.Debug|Any CPU.ActiveCfg = Debug|Any CPU
		{4788E5B9-6A52-443A-990F-D313BBA531A6}.Debug|Any CPU.Build.0 = Debug|Any CPU
		{4788E5B9-6A52-443A-990F-D313BBA531A6}.Release|Any CPU.ActiveCfg = Release|Any CPU
		{4788E5B9-6A52-443A-990F-D313BBA531A6}.Release|Any CPU.Build.0 = Release|Any CPU
	EndGlobalSection
	GlobalSection(SolutionProperties) = preSolution
		HideSolutionNode = FALSE
	EndGlobalSection
	GlobalSection(ExtensibilityGlobals) = postSolution
		SolutionGuid = {1FB41653-EE9A-4CA6-9D14-DFA0500D5CF6}
	EndGlobalSection
EndGlobal
